{
  "name": "mtg-cube",
  "lockfileVersion": 3,
  "requires": true,
  "packages": {
    "": {
      "dependencies": {
        "scryfall-api": "^4.0.1"
      }
    },
    "node_modules/scryfall-api": {
      "version": "4.0.1",
      "resolved": "https://si-devops-mirror.edf.fr/repository/registry.npmjs.org/scryfall-api/-/scryfall-api-4.0.1.tgz",
      "integrity": "sha512-qtF8LAA81yOb7ZkYK9JqCUDJnxr1YvnOaqe7mzNzIyms2TU2zWy60dX1ID3mnPnH0zfMFeAI/qTEMcm8lVFKBQ==",
      "license": "MIT"
    }
  }
}
